
Microsoft Visual Studio Solution File, Format Version 12.00
# Visual Studio Version 16
VisualStudioVersion = 16.0.30907.101
MinimumVisualStudioVersion = 10.0.40219.1
Project("{9A19103F-16F7-4668-BE54-9A1E7A4F7556}") = "Identity.Service", "Identity.Service\Identity.Service.csproj", "{F757A6D2-F5A1-4CFB-9A73-6D0F838F28A3}"
EndProject
Global
	GlobalSection(SolutionConfigurationPlatforms) = preSolution
		Debug|Any CPU = Debug|Any CPU
		Release|Any CPU = Release|Any CPU
	EndGlobalSection
	GlobalSection(ProjectConfigurationPlatforms) = postSolution
		{F757A6D2-F5A1-4CFB-9A73-6D0F838F28A3}.Debug|Any CPU.ActiveCfg = Debug|Any CPU
		{F757A6D2-F5A1-4CFB-9A73-6D0F838F28A3}.Debug|Any CPU.Build.0 = Debug|Any CPU
		{F757A6D2-F5A1-4CFB-9A73-6D0F838F28A3}.Release|Any CPU.ActiveCfg = Release|Any CPU
		{F757A6D2-F5A1-4CFB-9A73-6D0F838F28A3}.Release|Any CPU.Build.0 = Release|Any CPU
	EndGlobalSection
	GlobalSection(SolutionProperties) = preSolution
		HideSolutionNode = FALSE
	EndGlobalSection
	GlobalSection(ExtensibilityGlobals) = postSolution
		SolutionGuid = {A7C14242-42A5-4C2E-9DFE-03D40DC92434}
	EndGlobalSection
EndGlobal
